// !$*UTF8*$!
{
	archiveVersion = 1;
	classes = {
	};
	objectVersion = 50;
	objects = {

/* Begin PBXBuildFile section */
		9DCAC1F92603BB6C00AB7050 /* AppDelegate.swift in Sources */ = {isa = PBXBuildFile; fileRef = 9DCAC1F82603BB6C00AB7050 /* AppDelegate.swift */; };
		9DCAC1FB2603BB6C00AB7050 /* SceneDelegate.swift in Sources */ = {isa = PBXBuildFile; fileRef = 9DCAC1FA2603BB6C00AB7050 /* SceneDelegate.swift */; };
		9DCAC1FD2603BB6C00AB7050 /* ViewController.swift in Sources */ = {isa = PBXBuildFile; fileRef = 9DCAC1FC2603BB6C00AB7050 /* ViewController.swift */; };
		9DCAC2002603BB6C00AB7050 /* Main.storyboard in Resources */ = {isa = PBXBuildFile; fileRef = 9DCAC1FE2603BB6C00AB7050 /* Main.storyboard */; };
		9DCAC2022603BB6D00AB7050 /* Assets.xcassets in Resources */ = {isa = PBXBuildFile; fileRef = 9DCAC2012603BB6D00AB7050 /* Assets.xcassets */; };
		9DCAC2052603BB6D00AB7050 /* LaunchScreen.storyboard in Resources */ = {isa = PBXBuildFile; fileRef = 9DCAC2032603BB6D00AB7050 /* LaunchScreen.storyboard */; };
		9DCAC20F2603BC0800AB7050 /* Contents.json in Resources */ = {isa = PBXBuildFile; fileRef = 9DCAC20E2603BC0800AB7050 /* Contents.json */; };
		9DCAC2122603D02300AB7050 /* EffectsViewController.swift in Sources */ = {isa = PBXBuildFile; fileRef = 9DCAC2112603D02300AB7050 /* EffectsViewController.swift */; };
		9DCAC2152603D06E00AB7050 /* FinalViewController.swift in Sources */ = {isa = PBXBuildFile; fileRef = 9DCAC2142603D06E00AB7050 /* FinalViewController.swift */; };
/* End PBXBuildFile section */

/* Begin PBXFileReference section */
		9DCAC1F52603BB6C00AB7050 /* Fotoroid.app */ = {isa = PBXFileReference; explicitFileType = wrapper.application; includeInIndex = 0; path = Fotoroid.app; sourceTree = BUILT_PRODUCTS_DIR; };
		9DCAC1F82603BB6C00AB7050 /* AppDelegate.swift */ = {isa = PBXFileReference; lastKnownFileType = sourcecode.swift; path = AppDelegate.swift; sourceTree = "<group>"; };
		9DCAC1FA2603BB6C00AB7050 /* SceneDelegate.swift */ = {isa = PBXFileReference; lastKnownFileType = sourcecode.swift; path = SceneDelegate.swift; sourceTree = "<group>"; };
		9DCAC1FC2603BB6C00AB7050 /* ViewController.swift */ = {isa = PBXFileReference; lastKnownFileType = sourcecode.swift; path = ViewController.swift; sourceTree = "<group>"; };
		9DCAC1FF2603BB6C00AB7050 /* Base */ = {isa = PBXFileReference; lastKnownFileType = file.storyboard; name = Base; path = Base.lproj/Main.storyboard; sourceTree = "<group>"; };
		9DCAC2012603BB6D00AB7050 /* Assets.xcassets */ = {isa = PBXFileReference; lastKnownFileType = folder.assetcatalog; path = Assets.xcassets; sourceTree = "<group>"; };
		9DCAC2042603BB6D00AB7050 /* Base */ = {isa = PBXFileReference; lastKnownFileType = file.storyboard; name = Base; path = Base.lproj/LaunchScreen.storyboard; sourceTree = "<group>"; };
		9DCAC2062603BB6D00AB7050 /* Info.plist */ = {isa = PBXFileReference; lastKnownFileType = text.plist.xml; path = Info.plist; sourceTree = "<group>"; };
		9DCAC20E2603BC0800AB7050 /* Contents.json */ = {isa = PBXFileReference; fileEncoding = 4; lastKnownFileType = text.json; name = Contents.json; path = "../../../../../Downloads/Arquivos Fotoroid/AppIcon.appiconset/Contents.json"; sourceTree = "<group>"; };
		9DCAC2112603D02300AB7050 /* EffectsViewController.swift */ = {isa = PBXFileReference; lastKnownFileType = sourcecode.swift; path = EffectsViewController.swift; sourceTree = "<group>"; };
		9DCAC2142603D06E00AB7050 /* FinalViewController.swift */ = {isa = PBXFileReference; lastKnownFileType = sourcecode.swift; path = FinalViewController.swift; sourceTree = "<group>"; };
/* End PBXFileReference section */

/* Begin PBXFrameworksBuildPhase section */
		9DCAC1F22603BB6C00AB7050 /* Frameworks */ = {
			isa = PBXFrameworksBuildPhase;
			buildActionMask = 2147483647;
			files = (
			);
			runOnlyForDeploymentPostprocessing = 0;
		};
/* End PBXFrameworksBuildPhase section */

/* Begin PBXGroup section */
		9DCAC1EC2603BB6C00AB7050 = {
			isa = PBXGroup;
			children = (
				9DCAC1F72603BB6C00AB7050 /* Fotoroid */,
				9DCAC1F62603BB6C00AB7050 /* Products */,
			);
			sourceTree = "<group>";
		};
		9DCAC1F62603BB6C00AB7050 /* Products */ = {
			isa = PBXGroup;
			children = (
				9DCAC1F52603BB6C00AB7050 /* Fotoroid.app */,
			);
			name = Products;
			sourceTree = "<group>";
		};
		9DCAC1F72603BB6C00AB7050 /* Fotoroid */ = {
			isa = PBXGroup;
			children = (
				9DCAC1F82603BB6C00AB7050 /* AppDelegate.swift */,
				9DCAC1FA2603BB6C00AB7050 /* SceneDelegate.swift */,
				9DCAC1FC2603BB6C00AB7050 /* ViewController.swift */,
				9DCAC1FE2603BB6C00AB7050 /* Main.storyboard */,
				9DCAC2142603D06E00AB7050 /* FinalViewController.swift */,
				9DCAC2112603D02300AB7050 /* EffectsViewController.swift */,
				9DCAC2012603BB6D00AB7050 /* Assets.xcassets */,
				9DCAC2032603BB6D00AB7050 /* LaunchScreen.storyboard */,
				9DCAC20E2603BC0800AB7050 /* Contents.json */,
				9DCAC2062603BB6D00AB7050 /* Info.plist */,
			);
			path = Fotoroid;
			sourceTree = "<group>";
		};
/* End PBXGroup section */

/* Begin PBXNativeTarget section */
		9DCAC1F42603BB6C00AB7050 /* Fotoroid */ = {
			isa = PBXNativeTarget;
			buildConfigurationList = 9DCAC2092603BB6D00AB7050 /* Build configuration list for PBXNativeTarget "Fotoroid" */;
			buildPhases = (
				9DCAC1F12603BB6C00AB7050 /* Sources */,
				9DCAC1F22603BB6C00AB7050 /* Frameworks */,
				9DCAC1F32603BB6C00AB7050 /* Resources */,
			);
			buildRules = (
			);
			dependencies = (
			);
			name = Fotoroid;
			productName = Fotoroid;
			productReference = 9DCAC1F52603BB6C00AB7050 /* Fotoroid.app */;
			productType = "com.apple.product-type.application";
		};
/* End PBXNativeTarget section */

/* Begin PBXProject section */
		9DCAC1ED2603BB6C00AB7050 /* Project object */ = {
			isa = PBXProject;
			attributes = {
				LastSwiftUpdateCheck = 1240;
				LastUpgradeCheck = 1240;
				TargetAttributes = {
					9DCAC1F42603BB6C00AB7050 = {
						CreatedOnToolsVersion = 12.4;
					};
				};
			};
			buildConfigurationList = 9DCAC1F02603BB6C00AB7050 /* Build configuration list for PBXProject "Fotoroid" */;
			compatibilityVersion = "Xcode 9.3";
			developmentRegion = en;
			hasScannedForEncodings = 0;
			knownRegions = (
				en,
				Base,
			);
			mainGroup = 9DCAC1EC2603BB6C00AB7050;
			productRefGroup = 9DCAC1F62603BB6C00AB7050 /* Products */;
			projectDirPath = "";
			projectRoot = "";
			targets = (
				9DCAC1F42603BB6C00AB7050 /* Fotoroid */,
			);
		};
/* End PBXProject section */

/* Begin PBXResourcesBuildPhase section */
		9DCAC1F32603BB6C00AB7050 /* Resources */ = {
			isa = PBXResourcesBuildPhase;
			buildActionMask = 2147483647;
			files = (
				9DCAC2052603BB6D00AB7050 /* LaunchScreen.storyboard in Resources */,
				9DCAC2022603BB6D00AB7050 /* Assets.xcassets in Resources */,
				9DCAC2002603BB6C00AB7050 /* Main.storyboard in Resources */,
				9DCAC20F2603BC0800AB7050 /* Contents.json in Resources */,
			);
			runOnlyForDeploymentPostprocessing = 0;
		};
/* End PBXResourcesBuildPhase section */

/* Begin PBXSourcesBuildPhase section */
		9DCAC1F12603BB6C00AB7050 /* Sources */ = {
			isa = PBXSourcesBuildPhase;
			buildActionMask = 2147483647;
			files = (
				9DCAC2152603D06E00AB7050 /* FinalViewController.swift in Sources */,
				9DCAC2122603D02300AB7050 /* EffectsViewController.swift in Sources */,
				9DCAC1FD2603BB6C00AB7050 /* ViewController.swift in Sources */,
				9DCAC1F92603BB6C00AB7050 /* AppDelegate.swift in Sources */,
				9DCAC1FB2603BB6C00AB7050 /* SceneDelegate.swift in Sources */,
			);
			runOnlyForDeploymentPostprocessing = 0;
		};
/* End PBXSourcesBuildPhase section */

/* Begin PBXVariantGroup section */
		9DCAC1FE2603BB6C00AB7050 /* Main.storyboard */ = {
			isa = PBXVariantGroup;
			children = (
				9DCAC1FF2603BB6C00AB7050 /* Base */,
			);
			name = Main.storyboard;
			sourceTree = "<group>";
		};
		9DCAC2032603BB6D00AB7050 /* LaunchScreen.storyboard */ = {
			isa = PBXVariantGroup;
			children = (
				9DCAC2042603BB6D00AB7050 /* Base */,
			);
			name = LaunchScreen.storyboard;
			sourceTree = "<group>";
		};
/* End PBXVariantGroup section */

/* Begin XCBuildConfiguration section */
		9DCAC2072603BB6D00AB7050 /* Debug */ = {
			isa = XCBuildConfiguration;
			buildSettings = {
				ALWAYS_SEARCH_USER_PATHS = NO;
				CLANG_ANALYZER_NONNULL = YES;
				CLANG_ANALYZER_NUMBER_OBJECT_CONVERSION = YES_AGGRESSIVE;
				CLANG_CXX_LANGUAGE_STANDARD = "gnu++14";
				CLANG_CXX_LIBRARY = "libc++";
				CLANG_ENABLE_MODULES = YES;
				CLANG_ENABLE_OBJC_ARC = YES;
				CLANG_ENABLE_OBJC_WEAK = YES;
				CLANG_WARN_BLOCK_CAPTURE_AUTORELEASING = YES;
				CLANG_WARN_BOOL_CONVERSION = YES;
				CLANG_WARN_COMMA = YES;
				CLANG_WARN_CONSTANT_CONVERSION = YES;
				CLANG_WARN_DEPRECATED_OBJC_IMPLEMENTATIONS = YES;
				CLANG_WARN_DIRECT_OBJC_ISA_USAGE = YES_ERROR;
				CLANG_WARN_DOCUMENTATION_COMMENTS = YES;
				CLANG_WARN_EMPTY_BODY = YES;
				CLANG_WARN_ENUM_CONVERSION = YES;
				CLANG_WARN_INFINITE_RECURSION = YES;
				CLANG_WARN_INT_CONVERSION = YES;
				CLANG_WARN_NON_LITERAL_NULL_CONVERSION = YES;
				CLANG_WARN_OBJC_IMPLICIT_RETAIN_SELF = YES;
				CLANG_WARN_OBJC_LITERAL_CONVERSION = YES;
				CLANG_WARN_OBJC_ROOT_CLASS = YES_ERROR;
				CLANG_WARN_QUOTED_INCLUDE_IN_FRAMEWORK_HEADER = YES;
				CLANG_WARN_RANGE_LOOP_ANALYSIS = YES;
				CLANG_WARN_STRICT_PROTOTYPES = YES;
				CLANG_WARN_SUSPICIOUS_MOVE = YES;
				CLANG_WARN_UNGUARDED_AVAILABILITY = YES_AGGRESSIVE;
				CLANG_WARN_UNREACHABLE_CODE = YES;
				CLANG_WARN__DUPLICATE_METHOD_MATCH = YES;
				COPY_PHASE_STRIP = NO;
				DEBUG_INFORMATION_FORMAT = dwarf;
				ENABLE_STRICT_OBJC_MSGSEND = YES;
				ENABLE_TESTABILITY = YES;
				GCC_C_LANGUAGE_STANDARD = gnu11;
				GCC_DYNAMIC_NO_PIC = NO;
				GCC_NO_COMMON_BLOCKS = YES;
				GCC_OPTIMIZATION_LEVEL = 0;
				GCC_PREPROCESSOR_DEFINITIONS = (
					"DEBUG=1",
					"$(inherited)",
				);
				GCC_WARN_64_TO_32_BIT_CONVERSION = YES;
				GCC_WARN_ABOUT_RETURN_TYPE = YES_ERROR;
				GCC_WARN_UNDECLARED_SELECTOR = YES;
				GCC_WARN_UNINITIALIZED_AUTOS = YES_AGGRESSIVE;
				GCC_WARN_UNUSED_FUNCTION = YES;
				GCC_WARN_UNUSED_VARIABLE = YES;
				IPHONEOS_DEPLOYMENT_TARGET = 14.4;
				MTL_ENABLE_DEBUG_INFO = INCLUDE_SOURCE;
				MTL_FAST_MATH = YES;
				ONLY_ACTIVE_ARCH = YES;
				SDKROOT = iphoneos;
				SWIFT_ACTIVE_COMPILATION_CONDITIONS = DEBUG;
				SWIFT_OPTIMIZATION_LEVEL = "-Onone";
			};
			name = Debug;
		};
		9DCAC2082603BB6D00AB7050 /* Release */ = {
			isa = XCBuildConfiguration;
			buildSettings = {
				ALWAYS_SEARCH_USER_PATHS = NO;
				CLANG_ANALYZER_NONNULL = YES;
				CLANG_ANALYZER_NUMBER_OBJECT_CONVERSION = YES_AGGRESSIVE;
				CLANG_CXX_LANGUAGE_STANDARD = "gnu++14";
				CLANG_CXX_LIBRARY = "libc++";
				CLANG_ENABLE_MODULES = YES;
				CLANG_ENABLE_OBJC_ARC = YES;
				CLANG_ENABLE_OBJC_WEAK = YES;
				CLANG_WARN_BLOCK_CAPTURE_AUTORELEASING = YES;
				CLANG_WARN_BOOL_CONVERSION = YES;
				CLANG_WARN_COMMA = YES;
				CLANG_WARN_CONSTANT_CONVERSION = YES;
				CLANG_WARN_DEPRECATED_OBJC_IMPLEMENTATIONS = YES;
				CLANG_WARN_DIRECT_OBJC_ISA_USAGE = YES_ERROR;
				CLANG_WARN_DOCUMENTATION_COMMENTS = YES;
				CLANG_WARN_EMPTY_BODY = YES;
				CLANG_WARN_ENUM_CONVERSION = YES;
				CLANG_WARN_INFINITE_RECURSION = YES;
				CLANG_WARN_INT_CONVERSION = YES;
				CLANG_WARN_NON_LITERAL_NULL_CONVERSION = YES;
				CLANG_WARN_OBJC_IMPLICIT_RETAIN_SELF = YES;
				CLANG_WARN_OBJC_LITERAL_CONVERSION = YES;
				CLANG_WARN_OBJC_ROOT_CLASS = YES_ERROR;
				CLANG_WARN_QUOTED_INCLUDE_IN_FRAMEWORK_HEADER = YES;
				CLANG_WARN_RANGE_LOOP_ANALYSIS = YES;
				CLANG_WARN_STRICT_PROTOTYPES = YES;
				CLANG_WARN_SUSPICIOUS_MOVE = YES;
				CLANG_WARN_UNGUARDED_AVAILABILITY = YES_AGGRESSIVE;
				CLANG_WARN_UNREACHABLE_CODE = YES;
				CLANG_WARN__DUPLICATE_METHOD_MATCH = YES;
				COPY_PHASE_STRIP = NO;
				DEBUG_INFORMATION_FORMAT = "dwarf-with-dsym";
				ENABLE_NS_ASSERTIONS = NO;
				ENABLE_STRICT_OBJC_MSGSEND = YES;
				GCC_C_LANGUAGE_STANDARD = gnu11;
				GCC_NO_COMMON_BLOCKS = YES;
				GCC_WARN_64_TO_32_BIT_CONVERSION = YES;
				GCC_WARN_ABOUT_RETURN_TYPE = YES_ERROR;
				GCC_WARN_UNDECLARED_SELECTOR = YES;
				GCC_WARN_UNINITIALIZED_AUTOS = YES_AGGRESSIVE;
				GCC_WARN_UNUSED_FUNCTION = YES;
				GCC_WARN_UNUSED_VARIABLE = YES;
				IPHONEOS_DEPLOYMENT_TARGET = 14.4;
				MTL_ENABLE_DEBUG_INFO = NO;
				MTL_FAST_MATH = YES;
				SDKROOT = iphoneos;
				SWIFT_COMPILATION_MODE = wholemodule;
				SWIFT_OPTIMIZATION_LEVEL = "-O";
				VALIDATE_PRODUCT = YES;
			};
			name = Release;
		};
		9DCAC20A2603BB6D00AB7050 /* Debug */ = {
			isa = XCBuildConfiguration;
			buildSettings = {
				ASSETCATALOG_COMPILER_APPICON_NAME = AppIcon;
				ASSETCATALOG_COMPILER_GLOBAL_ACCENT_COLOR_NAME = AccentColor;
				CODE_SIGN_STYLE = Automatic;
				INFOPLIST_FILE = Fotoroid/Info.plist;
				LD_RUNPATH_SEARCH_PATHS = (
					"$(inherited)",
					"@executable_path/Frameworks",
				);
				PRODUCT_BUNDLE_IDENTIFIER = RafaelHartmann.Fotoroid;
				PRODUCT_NAME = "$(TARGET_NAME)";
				SWIFT_VERSION = 5.0;
				TARGETED_DEVICE_FAMILY = 1;
			};
			name = Debug;
		};
		9DCAC20B2603BB6D00AB7050 /* Release */ = {
			isa = XCBuildConfiguration;
			buildSettings = {
				ASSETCATALOG_COMPILER_APPICON_NAME = AppIcon;
				ASSETCATALOG_COMPILER_GLOBAL_ACCENT_COLOR_NAME = AccentColor;
				CODE_SIGN_STYLE = Automatic;
				INFOPLIST_FILE = Fotoroid/Info.plist;
				LD_RUNPATH_SEARCH_PATHS = (
					"$(inherited)",
					"@executable_path/Frameworks",
				);
				PRODUCT_BUNDLE_IDENTIFIER = RafaelHartmann.Fotoroid;
				PRODUCT_NAME = "$(TARGET_NAME)";
				SWIFT_VERSION = 5.0;
				TARGETED_DEVICE_FAMILY = 1;
			};
			name = Release;
		};
/* End XCBuildConfiguration section */

/* Begin XCConfigurationList section */
		9DCAC1F02603BB6C00AB7050 /* Build configuration list for PBXProject "Fotoroid" */ = {
			isa = XCConfigurationList;
			buildConfigurations = (
				9DCAC2072603BB6D00AB7050 /* Debug */,
				9DCAC2082603BB6D00AB7050 /* Release */,
			);
			defaultConfigurationIsVisible = 0;
			defaultConfigurationName = Release;
		};
		9DCAC2092603BB6D00AB7050 /* Build configuration list for PBXNativeTarget "Fotoroid" */ = {
			isa = XCConfigurationList;
			buildConfigurations = (
				9DCAC20A2603BB6D00AB7050 /* Debug */,
				9DCAC20B2603BB6D00AB7050 /* Release */,
			);
			defaultConfigurationIsVisible = 0;
			defaultConfigurationName = Release;
		};
/* End XCConfigurationList section */
	};
	rootObject = 9DCAC1ED2603BB6C00AB7050 /* Project object */;
}
